
Microsoft Visual Studio Solution File, Format Version 12.00
# Visual Studio Version 17
VisualStudioVersion = 17.13.35828.75
MinimumVisualStudioVersion = 10.0.40219.1
Project("{8BC9CEB8-8B4A-11D0-8D11-00A0C91BC942}") = "10-1", "10-1\10-1.vcxproj", "{AC3DB44E-3EED-4677-B460-13441842C2C5}"
EndProject
Project("{8BC9CEB8-8B4A-11D0-8D11-00A0C91BC942}") = "10-3", "10-3\10-3.vcxproj", "{8DA0031A-B2E5-40E3-9CC4-B73142DCD15D}"
EndProject
Project("{8BC9CEB8-8B4A-11D0-8D11-00A0C91BC942}") = "10-5", "10-5\10-5.vcxproj", "{D7D6E0C0-C25A-4488-ABD9-738CF4846E86}"
EndProject
Project("{8BC9CEB8-8B4A-11D0-8D11-00A0C91BC942}") = "10-7", "10-7\10-7.vcxproj", "{6A8E1BAD-FDFA-4D66-A629-B21546EF8469}"
EndProject
Project("{8BC9CEB8-8B4A-11D0-8D11-00A0C91BC942}") = "10-9", "10-9\10-9.vcxproj", "{16513575-DFEF-4FE1-81E7-6EF26DAD37D9}"
EndProject
Project("{8BC9CEB8-8B4A-11D0-8D11-00A0C91BC942}") = "10-11", "10-11\10-11.vcxproj", "{6C520106-3301-4E0E-A78B-83B7A39569BF}"
EndProject
Project("{8BC9CEB8-8B4A-11D0-8D11-00A0C91BC942}") = "10-13", "10-13\10-13.vcxproj", "{A35BA052-6F4C-4E01-A36C-292561F5C301}"
EndProject
Project("{8BC9CEB8-8B4A-11D0-8D11-00A0C91BC942}") = "10-15", "10-15\10-15.vcxproj", "{05BD0DD1-1082-4CA7-8B52-B4FA5EAA503C}"
EndProject
Global
	GlobalSection(SolutionConfigurationPlatforms) = preSolution
		Debug|x64 = Debug|x64
		Debug|x86 = Debug|x86
		Release|x64 = Release|x64
		Release|x86 = Release|x86
	EndGlobalSection
	GlobalSection(ProjectConfigurationPlatforms) = postSolution
		{AC3DB44E-3EED-4677-B460-13441842C2C5}.Debug|x64.ActiveCfg = Debug|x64
		{AC3DB44E-3EED-4677-B460-13441842C2C5}.Debug|x64.Build.0 = Debug|x64
		{AC3DB44E-3EED-4677-B460-13441842C2C5}.Debug|x86.ActiveCfg = Debug|Win32
		{AC3DB44E-3EED-4677-B460-13441842C2C5}.Debug|x86.Build.0 = Debug|Win32
		{AC3DB44E-3EED-4677-B460-13441842C2C5}.Release|x64.ActiveCfg = Release|x64
		{AC3DB44E-3EED-4677-B460-13441842C2C5}.Release|x64.Build.0 = Release|x64
		{AC3DB44E-3EED-4677-B460-13441842C2C5}.Release|x86.ActiveCfg = Release|Win32
		{AC3DB44E-3EED-4677-B460-13441842C2C5}.Release|x86.Build.0 = Release|Win32
		{8DA0031A-B2E5-40E3-9CC4-B73142DCD15D}.Debug|x64.ActiveCfg = Debug|x64
		{8DA0031A-B2E5-40E3-9CC4-B73142DCD15D}.Debug|x64.Build.0 = Debug|x64
		{8DA0031A-B2E5-40E3-9CC4-B73142DCD15D}.Debug|x86.ActiveCfg = Debug|Win32
		{8DA0031A-B2E5-40E3-9CC4-B73142DCD15D}.Debug|x86.Build.0 = Debug|Win32
		{8DA0031A-B2E5-40E3-9CC4-B73142DCD15D}.Release|x64.ActiveCfg = Release|x64
		{8DA0031A-B2E5-40E3-9CC4-B73142DCD15D}.Release|x64.Build.0 = Release|x64
		{8DA0031A-B2E5-40E3-9CC4-B73142DCD15D}.Release|x86.ActiveCfg = Release|Win32
		{8DA0031A-B2E5-40E3-9CC4-B73142DCD15D}.Release|x86.Build.0 = Release|Win32
		{D7D6E0C0-C25A-4488-ABD9-738CF4846E86}.Debug|x64.ActiveCfg = Debug|x64
		{D7D6E0C0-C25A-4488-ABD9-738CF4846E86}.Debug|x64.Build.0 = Debug|x64
		{D7D6E0C0-C25A-4488-ABD9-738CF4846E86}.Debug|x86.ActiveCfg = Debug|Win32
		{D7D6E0C0-C25A-4488-ABD9-738CF4846E86}.Debug|x86.Build.0 = Debug|Win32
		{D7D6E0C0-C25A-4488-ABD9-738CF4846E86}.Release|x64.ActiveCfg = Release|x64
		{D7D6E0C0-C25A-4488-ABD9-738CF4846E86}.Release|x64.Build.0 = Release|x64
		{D7D6E0C0-C25A-4488-ABD9-738CF4846E86}.Release|x86.ActiveCfg = Release|Win32
		{D7D6E0C0-C25A-4488-ABD9-738CF4846E86}.Release|x86.Build.0 = Release|Win32
		{6A8E1BAD-FDFA-4D66-A629-B21546EF8469}.Debug|x64.ActiveCfg = Debug|x64
		{6A8E1BAD-FDFA-4D66-A629-B21546EF8469}.Debug|x64.Build.0 = Debug|x64
		{6A8E1BAD-FDFA-4D66-A629-B21546EF8469}.Debug|x86.ActiveCfg = Debug|Win32
		{6A8E1BAD-FDFA-4D66-A629-B21546EF8469}.Debug|x86.Build.0 = Debug|Win32
		{6A8E1BAD-FDFA-4D66-A629-B21546EF8469}.Release|x64.ActiveCfg = Release|x64
		{6A8E1BAD-FDFA-4D66-A629-B21546EF8469}.Release|x64.Build.0 = Release|x64
		{6A8E1BAD-FDFA-4D66-A629-B21546EF8469}.Release|x86.ActiveCfg = Release|Win32
		{6A8E1BAD-FDFA-4D66-A629-B21546EF8469}.Release|x86.Build.0 = Release|Win32
		{16513575-DFEF-4FE1-81E7-6EF26DAD37D9}.Debug|x64.ActiveCfg = Debug|x64
		{16513575-DFEF-4FE1-81E7-6EF26DAD37D9}.Debug|x64.Build.0 = Debug|x64
		{16513575-DFEF-4FE1-81E7-6EF26DAD37D9}.Debug|x86.ActiveCfg = Debug|Win32
		{16513575-DFEF-4FE1-81E7-6EF26DAD37D9}.Debug|x86.Build.0 = Debug|Win32
		{16513575-DFEF-4FE1-81E7-6EF26DAD37D9}.Release|x64.ActiveCfg = Release|x64
		{16513575-DFEF-4FE1-81E7-6EF26DAD37D9}.Release|x64.Build.0 = Release|x64
		{16513575-DFEF-4FE1-81E7-6EF26DAD37D9}.Release|x86.ActiveCfg = Release|Win32
		{16513575-DFEF-4FE1-81E7-6EF26DAD37D9}.Release|x86.Build.0 = Release|Win32
		{6C520106-3301-4E0E-A78B-83B7A39569BF}.Debug|x64.ActiveCfg = Debug|x64
		{6C520106-3301-4E0E-A78B-83B7A39569BF}.Debug|x64.Build.0 = Debug|x64
		{6C520106-3301-4E0E-A78B-83B7A39569BF}.Debug|x86.ActiveCfg = Debug|Win32
		{6C520106-3301-4E0E-A78B-83B7A39569BF}.Debug|x86.Build.0 = Debug|Win32
		{6C520106-3301-4E0E-A78B-83B7A39569BF}.Release|x64.ActiveCfg = Release|x64
		{6C520106-3301-4E0E-A78B-83B7A39569BF}.Release|x64.Build.0 = Release|x64
		{6C520106-3301-4E0E-A78B-83B7A39569BF}.Release|x86.ActiveCfg = Release|Win32
		{6C520106-3301-4E0E-A78B-83B7A39569BF}.Release|x86.Build.0 = Release|Win32
		{A35BA052-6F4C-4E01-A36C-292561F5C301}.Debug|x64.ActiveCfg = Debug|x64
		{A35BA052-6F4C-4E01-A36C-292561F5C301}.Debug|x64.Build.0 = Debug|x64
		{A35BA052-6F4C-4E01-A36C-292561F5C301}.Debug|x86.ActiveCfg = Debug|Win32
		{A35BA052-6F4C-4E01-A36C-292561F5C301}.Debug|x86.Build.0 = Debug|Win32
		{A35BA052-6F4C-4E01-A36C-292561F5C301}.Release|x64.ActiveCfg = Release|x64
		{A35BA052-6F4C-4E01-A36C-292561F5C301}.Release|x64.Build.0 = Release|x64
		{A35BA052-6F4C-4E01-A36C-292561F5C301}.Release|x86.ActiveCfg = Release|Win32
		{A35BA052-6F4C-4E01-A36C-292561F5C301}.Release|x86.Build.0 = Release|Win32
		{05BD0DD1-1082-4CA7-8B52-B4FA5EAA503C}.Debug|x64.ActiveCfg = Debug|x64
		{05BD0DD1-1082-4CA7-8B52-B4FA5EAA503C}.Debug|x64.Build.0 = Debug|x64
		{05BD0DD1-1082-4CA7-8B52-B4FA5EAA503C}.Debug|x86.ActiveCfg = Debug|Win32
		{05BD0DD1-1082-4CA7-8B52-B4FA5EAA503C}.Debug|x86.Build.0 = Debug|Win32
		{05BD0DD1-1082-4CA7-8B52-B4FA5EAA503C}.Release|x64.ActiveCfg = Release|x64
		{05BD0DD1-1082-4CA7-8B52-B4FA5EAA503C}.Release|x64.Build.0 = Release|x64
		{05BD0DD1-1082-4CA7-8B52-B4FA5EAA503C}.Release|x86.ActiveCfg = Release|Win32
		{05BD0DD1-1082-4CA7-8B52-B4FA5EAA503C}.Release|x86.Build.0 = Release|Win32
	EndGlobalSection
	GlobalSection(SolutionProperties) = preSolution
		HideSolutionNode = FALSE
	EndGlobalSection
	GlobalSection(ExtensibilityGlobals) = postSolution
		SolutionGuid = {E0E26725-B408-4069-A5F1-88606DED4B20}
	EndGlobalSection
EndGlobal
